
Microsoft Visual Studio Solution File, Format Version 12.00
# Visual Studio Version 16
VisualStudioVersion = 16.0.31019.35
MinimumVisualStudioVersion = 10.0.40219.1
Project("{FAE04EC0-301F-11D3-BF4B-00C04F79EFBC}") = "eTickets", "eTickets\eTickets.csproj", "{DBA076A6-C729-45EC-94A4-3A4BA5C67D68}"
EndProject
Global
	GlobalSection(SolutionConfigurationPlatforms) = preSolution
		Debug|Any CPU = Debug|Any CPU
		Release|Any CPU = Release|Any CPU
	EndGlobalSection
	GlobalSection(ProjectConfigurationPlatforms) = postSolution
		{DBA076A6-C729-45EC-94A4-3A4BA5C67D68}.Debug|Any CPU.ActiveCfg = Debug|Any CPU
		{DBA076A6-C729-45EC-94A4-3A4BA5C67D68}.Debug|Any CPU.Build.0 = Debug|Any CPU
		{DBA076A6-C729-45EC-94A4-3A4BA5C67D68}.Release|Any CPU.ActiveCfg = Release|Any CPU
		{DBA076A6-C729-45EC-94A4-3A4BA5C67D68}.Release|Any CPU.Build.0 = Release|Any CPU
	EndGlobalSection
	GlobalSection(SolutionProperties) = preSolution
		HideSolutionNode = FALSE
	EndGlobalSection
	GlobalSection(ExtensibilityGlobals) = postSolution
		SolutionGuid = {3AA1E0DD-F12D-41A4-B15C-7F2929474CE1}
	EndGlobalSection
EndGlobal
